version = 1
revision = 3
requires-python = ">=3.14"

[[package]]
name = "jtttestserver"
version = "0.1.0"
source = { editable = "." }
dependencies = [
    { name = "pyside6" },
]

[package.metadata]
requires-dist = [{ name = "pyside6", specifier = ">=6.11.2" }]

[[package]]
name = "pyside6"
version = "6.11.2"
source = { registry = "https://pypi.org/simple" }
dependencies = [
    { name = "pyside6-addons" },
    { name = "pyside6-essentials" },
    { name = "shiboken6" },
]
wheels = [
    { url = "https://files.pythonhosted.org/packages/ae/b5/99ff75f604d69eda1c5d1fe85cc43fb697d95eabc30ba86af099c2ddcd96/pyside6-6.11.2-cp310-abi3-macosx_13_0_universal2.whl", hash = "sha256:13a3c79816879d9743672a669f1988f74459a78f89a97a2624fae4fe059ffa3a", size = 571875, upload-time = "2026-08-18T06:37:27.794Z" },
    { url = "https://files.pythonhosted.org/packages/b2/fe/968844def58150a41568b505edca0d68df6901b20ea4222ccb0c069cc703/pyside6-6.11.2-cp310-abi3-manylinux_2_34_x86_64.whl", hash = "sha256:dc6d03990489a5085842770718392ef5de36352d8f608d9a9fe03e60af4d7b66", size = 572120, upload-time = "2026-08-18T06:37:30.298Z" },
    { url = "https://files.pythonhosted.org/packages/5e/5c/f4ecc6defaec645e5ac3ca2f99e3da286a28d1c647c2d10b584e0392b94c/pyside6-6.11.2-cp310-abi3-manylinux_2_39_aarch64.whl", hash = "sha256:57fe867a6c93821a085d74e8a26f863fc2363516848181c466032595b33b1729", size = 572121, upload-time = "2026-08-18T06:37:32.383Z" },
    { url = "https://files.pythonhosted.org/packages/94/fe/4aea9d30300fff4cda9bb729c1363b9e1095a8544e0d6b57065465e16599/pyside6-6.11.2-cp310-abi3-win_amd64.whl", hash = "sha256:3201d67e3c10be2eaedd3910ff0f02351eca7e88c95a291cde5e7f2f55ef207f", size = 578382, upload-time = "2026-08-18T06:37:34.385Z" },
    { url = "https://files.pythonhosted.org/packages/26/b0/8e2fb01e9ee15ad29fe10d0dd2d37f503e4aa3714c9fbb07aca380618de7/pyside6-6.11.2-cp310-abi3-win_arm64.whl", hash = "sha256:0444ac71d0791a19bded35f6d9a94515941f23a6eb7098ca45a1b64a338be697", size = 561768, upload-time = "2026-08-18T06:37:36.437Z" },
]

[[package]]
name = "pyside6-addons"
version = "6.11.2"
source = { registry = "https://pypi.org/simple" }
dependencies = [
    { name = "pyside6-essentials" },
    { name = "shiboken6" },
]
wheels = [
    { url = "https://files.pythonhosted.org/packages/e3/91/339fe9f7c94163815004ccd6b5c58b926b2dfb4e51c3b5563d412eab151f/pyside6_addons-6.11.2-cp310-abi3-macosx_13_0_universal2.whl", hash = "sha256:354c574a839f7d0751960ba03f33bec87c95e0f2796dca3287f54d03abe97dac", size = 332047075, upload-time = "2026-08-18T06:35:33.037Z" },
    { url = "https://files.pythonhosted.org/packages/28/cd/ce470e20f68901f4dfa5f742d6a3a58ba865684a232e4b87d5a1a2179cc0/pyside6_addons-6.11.2-cp310-abi3-manylinux_2_34_x86_64.whl", hash = "sha256:a8b00956925fbdeffc7052cf933506391289f35ac4f3f71a0a167ec195cd47b4", size = 175062576, upload-time = "2026-08-18T06:35:45.583Z" },
    { url = "https://files.pythonhosted.org/packages/11/bd/f725a8984703612c72cd17d0871d047132bacaccc13fc0d288a5e8a37dad/pyside6_addons-6.11.2-cp310-abi3-manylinux_2_39_aarch64.whl", hash = "sha256:a2ca3c73e5f060d4aca49451abd9fba68dd0e1c66ff40cea3a1fe0415def579a", size = 170827254, upload-time = "2026-08-18T06:35:56.675Z" },
    { url = "https://files.pythonhosted.org/packages/fb/c1/08bf6594101b42fc88834009f1dac59a983c5b6805c62c5081f077d09b4a/pyside6_addons-6.11.2-cp310-abi3-win_amd64.whl", hash = "sha256:f449ea4431da20e7b86752cca8d166f93434516fe417f981c27e5f8e1b554407", size = 168208836, upload-time = "2026-08-18T06:36:07.295Z" },
    { url = "https://files.pythonhosted.org/packages/26/60/e4b7f09343e9f29e565f488fb44c4f1fe260db481ba2c08ad8a1a7d48216/pyside6_addons-6.11.2-cp310-abi3-win_arm64.whl", hash = "sha256:d5606af369484b862b4d5741cfc179e19d2b8819c3e04d210b8188e0c9f85988", size = 35807245, upload-time = "2026-08-18T06:36:12.485Z" },
]

[[package]]
name = "pyside6-essentials"
version = "6.11.2"
source = { registry = "https://pypi.org/simple" }
dependencies = [
    { name = "shiboken6" },
]
wheels = [
    { url = "https://files.pythonhosted.org/packages/6f/16/0b7ecf89ebada82ed0430be33809ff325761ece83104f8635b1bd101fcd0/pyside6_essentials-6.11.2-cp310-abi3-macosx_13_0_universal2.whl", hash = "sha256:77795c145202e65a78d88f7cd409d186e3ba23d159bdb3ba2dcd159ae5e5f0d9", size = 110800753, upload-time = "2026-08-18T06:36:33.674Z" },
    { url = "https://files.pythonhosted.org/packages/0e/1a/84a84bbc75835ee88abdcb66eb875b8e1a21834af9b833bc1893f2c1bfaf/pyside6_essentials-6.11.2-cp310-abi3-manylinux_2_34_x86_64.whl", hash = "sha256:aaf9f25f0f324874085fa5b26a610318db8a8e243cf85bb3e5400595191c7778", size = 80108947, upload-time = "2026-08-18T06:36:40.637Z" },
    { url = "https://files.pythonhosted.org/packages/60/4c/d92b08a2151d095b9a3725fa0e71b215ec686d40bbd5d8b702d21a9b5eaa/pyside6_essentials-6.11.2-cp310-abi3-manylinux_2_39_aarch64.whl", hash = "sha256:d3ec6e1885c46e57f16364f38ea8040ffc5dc0b18341058f608fede3ba930567", size = 79575497, upload-time = "2026-08-18T06:36:46.97Z" },
    { url = "https://files.pythonhosted.org/packages/dc/09/d2662684aee4d3f027ff9b1e965f22301bc28ffc5b7f167658508e4475dc/pyside6_essentials-6.11.2-cp310-abi3-win_amd64.whl", hash = "sha256:c8a29def77032773a30879f7f24415b5395ad08592d147c170824ef4c735dfc1", size = 76913043, upload-time = "2026-08-18T06:36:54.038Z" },
    { url = "https://files.pythonhosted.org/packages/cd/87/4dd2a6468cea600da1fcf9c7f02bc248eeaa98cdc75658e48e669d95326a/pyside6_essentials-6.11.2-cp310-abi3-win_arm64.whl", hash = "sha256:fadd75c5c20800d64dd0a586ea8cb337c5e630aa2246df0e5105738afa46e02c", size = 58125520, upload-time = "2026-08-18T06:36:59.073Z" },
]

[[package]]
name = "shiboken6"
version = "6.11.2"
source = { registry = "https://pypi.org/simple" }
wheels = [
    { url = "https://files.pythonhosted.org/packages/47/44/11bf71c36e71936ab4e923e5dd23599dab527c4488b01860b0f689ce9947/shiboken6-6.11.2-cp310-abi3-macosx_13_0_universal2.whl", hash = "sha256:53659683b1f7a08e9f87eff9b1065f1ceb7110cd7a4bc09fdf5efe43d286604d", size = 476674, upload-time = "2026-08-18T06:37:11.526Z" },
    { url = "https://files.pythonhosted.org/packages/a5/9a/f41bea4316d0c1bec4800842dcb4bd8fd3e29d6a79c496bc32e1aec42583/shiboken6-6.11.2-cp310-abi3-manylinux_2_34_x86_64.whl", hash = "sha256:7a7a0a72a9ed26c9bf77d42246b1c736486befb8f31aa2fb29957ea4cdd1c1c2", size = 272435, upload-time = "2026-08-18T06:37:13.397Z" },
    { url = "https://files.pythonhosted.org/packages/56/05/79ed0697515d4fc7435459e4ed4c4a3b5621a55b7c91d0f3f2cc3d617aa0/shiboken6-6.11.2-cp310-abi3-manylinux_2_39_aarch64.whl", hash = "sha256:4bbbd6fa4d7cff5ec5e12bc4c10e1d845fa30c89457ecb13cc64f7bddb77f6f9", size = 270668, upload-time = "2026-08-18T06:37:15.025Z" },
    { url = "https://files.pythonhosted.org/packages/ce/6b/fee1b4814317e4664e318644c9c007676c65a71e5b2b9d3ac4121a94dc0a/shiboken6-6.11.2-cp310-abi3-win_amd64.whl", hash = "sha256:6ab0eba1c904455df621f9a6df3ca2bb896bab8670572d2bc4e37804ae91f19a", size = 1226578, upload-time = "2026-08-18T06:37:18.002Z" },
    { url = "https://files.pythonhosted.org/packages/4d/b5/80c4e5aafeb8ac777cf5a1becfe87ac7197c35051df00b5f7819787e09d5/shiboken6-6.11.2-cp310-abi3-win_arm64.whl", hash = "sha256:97c49432488df958f0308736f3d15b6915d8826fc380af17bb4b9ec5c4a5e81b", size = 1784669, upload-time = "2026-08-18T06:37:21.046Z" },
]
